
Microsoft Visual Studio Solution File, Format Version 12.00
# Visual Studio Version 17
VisualStudioVersion = 17.9.34714.143
MinimumVisualStudioVersion = 10.0.40219.1
Project("{9A19103F-16F7-4668-BE54-9A1E7A4F7556}") = "ConsoleApp.restart", "ConsoleApp.restart\ConsoleApp.restart.csproj", "{A56FED9F-351F-41FE-8528-CD94184BB588}"
EndProject
Project("{9A19103F-16F7-4668-BE54-9A1E7A4F7556}") = "UserInputDemo", "UserInputDemo\UserInputDemo.csproj", "{D770C1A2-1F1B-4B0F-AFC5-9C34056FF7A7}"
EndProject
Global
	GlobalSection(SolutionConfigurationPlatforms) = preSolution
		Debug|Any CPU = Debug|Any CPU
		Release|Any CPU = Release|Any CPU
	EndGlobalSection
	GlobalSection(ProjectConfigurationPlatforms) = postSolution
		{A56FED9F-351F-41FE-8528-CD94184BB588}.Debug|Any CPU.ActiveCfg = Debug|Any CPU
		{A56FED9F-351F-41FE-8528-CD94184BB588}.Debug|Any CPU.Build.0 = Debug|Any CPU
		{A56FED9F-351F-41FE-8528-CD94184BB588}.Release|Any CPU.ActiveCfg = Release|Any CPU
		{A56FED9F-351F-41FE-8528-CD94184BB588}.Release|Any CPU.Build.0 = Release|Any CPU
		{D770C1A2-1F1B-4B0F-AFC5-9C34056FF7A7}.Debug|Any CPU.ActiveCfg = Debug|Any CPU
		{D770C1A2-1F1B-4B0F-AFC5-9C34056FF7A7}.Debug|Any CPU.Build.0 = Debug|Any CPU
		{D770C1A2-1F1B-4B0F-AFC5-9C34056FF7A7}.Release|Any CPU.ActiveCfg = Release|Any CPU
		{D770C1A2-1F1B-4B0F-AFC5-9C34056FF7A7}.Release|Any CPU.Build.0 = Release|Any CPU
	EndGlobalSection
	GlobalSection(SolutionProperties) = preSolution
		HideSolutionNode = FALSE
	EndGlobalSection
	GlobalSection(ExtensibilityGlobals) = postSolution
		SolutionGuid = {E0480AB9-ADA0-45DF-9435-18F7873AA4B2}
	EndGlobalSection
EndGlobal
